Microsoft Visual Studio Solution File, Format Version 12.00
# Visual Studio Version 17
VisualStudioVersion = 17.0.31919.166
MinimumVisualStudioVersion = 10.0.40219.1
Project("{9A19103F-16F7-4668-BE54-9A1E7A4F7556}") = "FSI.CloudShopping.Domain", "FSI.CloudShopping.Domain\FSI.CloudShopping.Domain.csproj", "{2F1C1A1A-1A1A-1A1A-1A1A-1A1A1A1A1A1A}"
EndProject
Project("{9A19103F-16F7-4668-BE54-9A1E7A4F7556}") = "FSI.CloudShopping.Application", "FSI.CloudShopping.Application\FSI.CloudShopping.Application.csproj", "{3F2C2B2B-2B2B-2B2B-2B2B-2B2B2B2B2B2B}"
EndProject
Project("{9A19103F-16F7-4668-BE54-9A1E7A4F7556}") = "FSI.CloudShopping.Infrastructure", "FSI.CloudShopping.Infrastructure\FSI.CloudShopping.Infrastructure.csproj", "{4F3C3C3C-3C3C-3C3C-3C3C-3C3C3C3C3C3C}"
EndProject
Project("{9A19103F-16F7-4668-BE54-9A1E7A4F7556}") = "FSI.CloudShopping.WebAPI", "FSI.CloudShopping.WebAPI\FSI.CloudShopping.WebAPI.csproj", "{5F4D4D4D-4D4D-4D4D-4D4D-4D4D4D4D4D4D}"
EndProject
Project("{2150E333-8FDC-42A3-9474-1A3956D46DE8}") = "src", "src", "{6A5E5E5E-5E5E-5E5E-5E5E-5E5E5E5E5E5E}"
EndProject
Global
	GlobalSection(SolutionConfigurationPlatforms) = preSolution
		Debug|Any CPU = Debug|Any CPU
		Release|Any CPU = Release|Any CPU
	EndGlobalSection
	GlobalSection(ProjectConfigurationPlatforms) = postSolution
		{2F1C1A1A-1A1A-1A1A-1A1A-1A1A1A1A1A1A}.Debug|Any CPU.ActiveCfg = Debug|Any CPU
		{2F1C1A1A-1A1A-1A1A-1A1A-1A1A1A1A1A1A}.Debug|Any CPU.Build.0 = Debug|Any CPU
		{2F1C1A1A-1A1A-1A1A-1A1A-1A1A1A1A1A1A}.Release|Any CPU.ActiveCfg = Release|Any CPU
		{2F1C1A1A-1A1A-1A1A-1A1A-1A1A1A1A1A1A}.Release|Any CPU.Build.0 = Release|Any CPU
		{3F2C2B2B-2B2B-2B2B-2B2B-2B2B2B2B2B2B}.Debug|Any CPU.ActiveCfg = Debug|Any CPU
		{3F2C2B2B-2B2B-2B2B-2B2B-2B2B2B2B2B2B}.Debug|Any CPU.Build.0 = Debug|Any CPU
		{3F2C2B2B-2B2B-2B2B-2B2B-2B2B2B2B2B2B}.Release|Any CPU.ActiveCfg = Release|Any CPU
		{3F2C2B2B-2B2B-2B2B-2B2B-2B2B2B2B2B2B}.Release|Any CPU.Build.0 = Release|Any CPU
		{4F3C3C3C-3C3C-3C3C-3C3C-3C3C3C3C3C3C}.Debug|Any CPU.ActiveCfg = Debug|Any CPU
		{4F3C3C3C-3C3C-3C3C-3C3C-3C3C3C3C3C3C}.Debug|Any CPU.Build.0 = Debug|Any CPU
		{4F3C3C3C-3C3C-3C3C-3C3C-3C3C3C3C3C3C}.Release|Any CPU.ActiveCfg = Release|Any CPU
		{4F3C3C3C-3C3C-3C3C-3C3C-3C3C3C3C3C3C}.Release|Any CPU.Build.0 = Release|Any CPU
		{5F4D4D4D-4D4D-4D4D-4D4D-4D4D4D4D4D4D}.Debug|Any CPU.ActiveCfg = Debug|Any CPU
		{5F4D4D4D-4D4D-4D4D-4D4D-4D4D4D4D4D4D}.Debug|Any CPU.Build.0 = Debug|Any CPU
		{5F4D4D4D-4D4D-4D4D-4D4D-4D4D4D4D4D4D}.Release|Any CPU.ActiveCfg = Release|Any CPU
		{5F4D4D4D-4D4D-4D4D-4D4D-4D4D4D4D4D4D}.Release|Any CPU.Build.0 = Release|Any CPU
	EndGlobalSection
	GlobalSection(SolutionProperties) = preSolution
		HideSolutionNode = FALSE
	EndGlobalSection
	GlobalSection(NestedProjects) = preSolution
		{2F1C1A1A-1A1A-1A1A-1A1A-1A1A1A1A1A1A} = {6A5E5E5E-5E5E-5E5E-5E5E-5E5E5E5E5E5E}
		{3F2C2B2B-2B2B-2B2B-2B2B-2B2B2B2B2B2B} = {6A5E5E5E-5E5E-5E5E-5E5E-5E5E5E5E5E5E}
		{4F3C3C3C-3C3C-3C3C-3C3C-3C3C3C3C3C3C} = {6A5E5E5E-5E5E-5E5E-5E5E-5E5E5E5E5E5E}
		{5F4D4D4D-4D4D-4D4D-4D4D-4D4D4D4D4D4D} = {6A5E5E5E-5E5E-5E5E-5E5E-5E5E5E5E5E5E}
	EndGlobalSection
EndGlobal
